github.com/Illyrix/tidb-go-fuzz/dep v0.0.0-20201101090347-c89734463008/go.mod h1:BRuIzoAvQTQPWdit3kb/cmFjPVIPXX+72sFdZw6itxg=
github.com/Illyrix/tidb-go-fuzz/fuzz v0.0.0-20201102160621-e7e550d928b9 h1:NIsEuDHNV5uLmfD4R0qlZujefeNgx8zls7bFZWJDUWM=
github.com/Illyrix/tidb-go-fuzz/fuzz v0.0.0-20201102160621-e7e550d928b9/go.mod h1:JgOnRUmGpcdB0KhPoUgJDa4/Pbdf/w0axG2iOoNPpEs=
github.com/Illyrix/tidb-go-fuzz/fuzz v0.0.0-20201103184656-1e702fa0d4d4 h1:LXz/prYK/7R3RHNKEhv+xtslvuSAsTlwXT3YT6g98Vs=
github.com/Illyrix/tidb-go-fuzz/fuzz v0.0.0-20201103184656-1e702fa0d4d4/go.mod h1:JgOnRUmGpcdB0KhPoUgJDa4/Pbdf/w0axG2iOoNPpEs=
